
Microsoft Visual Studio Solution File, Format Version 12.00
# Visual Studio Version 17
VisualStudioVersion = 17.6.33723.286
MinimumVisualStudioVersion = 10.0.40219.1
Project("{9A19103F-16F7-4668-BE54-9A1E7A4F7556}") = "MasaBlazorApp1", "MasaBlazorApp1\MasaBlazorApp1.csproj", "{FBF8ABC1-0283-4058-8638-AC27719B382B}"
EndProject
Global
	GlobalSection(SolutionConfigurationPlatforms) = preSolution
		Debug|Any CPU = Debug|Any CPU
		Release|Any CPU = Release|Any CPU
	EndGlobalSection
	GlobalSection(ProjectConfigurationPlatforms) = postSolution
		{FBF8ABC1-0283-4058-8638-AC27719B382B}.Debug|Any CPU.ActiveCfg = Debug|Any CPU
		{FBF8ABC1-0283-4058-8638-AC27719B382B}.Debug|Any CPU.Build.0 = Debug|Any CPU
		{FBF8ABC1-0283-4058-8638-AC27719B382B}.Release|Any CPU.ActiveCfg = Release|Any CPU
		{FBF8ABC1-0283-4058-8638-AC27719B382B}.Release|Any CPU.Build.0 = Release|Any CPU
	EndGlobalSection
	GlobalSection(SolutionProperties) = preSolution
		HideSolutionNode = FALSE
	EndGlobalSection
	GlobalSection(ExtensibilityGlobals) = postSolution
		SolutionGuid = {D3D7D816-7884-4D89-9C93-847C9FD778E9}
	EndGlobalSection
EndGlobal
